{
  "name": "hero-the-robot",
  "version": "1.0.0",
  "lockfileVersion": 2,
  "requires": true,
  "packages": {
    "": {
      "name": "hero-the-robot",
      "version": "1.0.0",
      "license": "ISC",
      "dependencies": {
        "discord.js": "^14.0.0-dev.1652702635-5e9b757",
        "dotenv": "^16.0.1"
      }
    },
    "node_modules/@discordjs/builders": {
      "version": "0.14.0-dev.1652702621-5e9b757",
      "resolved": "https://registry.npmjs.org/@discordjs/builders/-/builders-0.14.0-dev.1652702621-5e9b757.tgz",
      "integrity": "sha512-bWVuvLfYNkK5ph5E6sa/knDfmXQAdMKf0ncO6hbPnBOTlqwrZ70T6DMjhYx6IcqdFNf2PMcKTgMdLX+3XZTn7g==",
      "dependencies": {
        "@sapphire/shapeshift": "^3.0.0",
        "@sindresorhus/is": "^4.6.0",
        "discord-api-types": "^0.32.1",
        "fast-deep-equal": "^3.1.3",
        "ts-mixer": "^6.0.1",
        "tslib": "^2.3.1"
      },
      "engines": {
        "node": ">=16.9.0"
      }
    },
    "node_modules/@discordjs/collection": {
      "version": "0.7.0-dev.1652702622-5e9b757",
      "resolved": "https://registry.npmjs.org/@discordjs/collection/-/collection-0.7.0-dev.1652702622-5e9b757.tgz",
      "integrity": "sha512-846Aq5V/diKb5dHNGMOd67PR4L2V0ZJOb7UiDguO/nHHnraPuu8XknYMF46P8ElA7gXMX/nq83gd6eDBHoJXvA==",
      "engines": {
        "node": ">=16.9.0"
      }
    },
    "node_modules/@discordjs/rest": {
      "version": "0.5.0-dev.1652702640-5e9b757",
      "resolved": "https://registry.npmjs.org/@discordjs/rest/-/rest-0.5.0-dev.1652702640-5e9b757.tgz",
      "integrity": "sha512-2KpNaaWCCRQu7JEkHzz2TnM7fejLiT9FtY3E4SEbU9jOuNkC1NuszIymLW8BcwbGzA8/EOutlGNuoV4LqPik0A==",
      "dependencies": {
        "@discordjs/collection": "^0.7.0-dev",
        "@sapphire/async-queue": "^1.3.1",
        "@sapphire/snowflake": "^3.2.1",
        "discord-api-types": "^0.32.1",
        "tslib": "^2.3.1",
        "undici": "^5.2.0"
      },
      "engines": {
        "node": ">=16.9.0"
      }
    },
    "node_modules/@sapphire/async-queue": {
      "version": "1.3.1",
      "resolved": "https://registry.npmjs.org/@sapphire/async-queue/-/async-queue-1.3.1.tgz",
      "integrity": "sha512-FFTlPOWZX1kDj9xCAsRzH5xEJfawg1lNoYAA+ecOWJMHOfiZYb1uXOI3ne9U4UILSEPwfE68p3T9wUHwIQfR0g==",
      "engines": {
        "node": ">=v14.0.0",
        "npm": ">=7.0.0"
      }
    },
    "node_modules/@sapphire/shapeshift": {
      "version": "3.0.0",
      "resolved": "https://registry.npmjs.org/@sapphire/shapeshift/-/shapeshift-3.0.0.tgz",
      "integrity": "sha512-LTVj/a70UDzjOFaViMGpVzSzKYD2pBk0TmZIHnBf4vnytV7TK/L6XVN6hslq7R+qwRZyL/mzIldu6mAV6r7vzA==",
      "engines": {
        "node": ">=v15.0.0",
        "npm": ">=7.0.0"
      }
    },
    "node_modules/@sapphire/snowflake": {
      "version": "3.2.2",
      "resolved": "https://registry.npmjs.org/@sapphire/snowflake/-/snowflake-3.2.2.tgz",
      "integrity": "sha512-ula2O0kpSZtX9rKXNeQMrHwNd7E4jPDJYUXmEGTFdMRfyfMw+FPyh04oKMjAiDuOi64bYgVkOV3MjK+loImFhQ==",
      "engines": {
        "node": ">=v14.0.0",
        "npm": ">=7.0.0"
      }
    },
    "node_modules/@sindresorhus/is": {
      "version": "4.6.0",
      "resolved": "https://registry.npmjs.org/@sindresorhus/is/-/is-4.6.0.tgz",
      "integrity": "sha512-t09vSN3MdfsyCHoFcTRCH/iUtG7OJ0CsjzB8cjAmKc/va/kIgeDI/TxsigdncE/4be734m0cvIYwNaV4i2XqAw==",
      "engines": {
        "node": ">=10"
      },
      "funding": {
        "url": "https://github.com/sindresorhus/is?sponsor=1"
      }
    },
    "node_modules/@types/node": {
      "version": "17.0.34",
      "resolved": "https://registry.npmjs.org/@types/node/-/node-17.0.34.tgz",
      "integrity": "sha512-XImEz7XwTvDBtzlTnm8YvMqGW/ErMWBsKZ+hMTvnDIjGCKxwK5Xpc+c/oQjOauwq8M4OS11hEkpjX8rrI/eEgA=="
    },
    "node_modules/@types/ws": {
      "version": "8.5.3",
      "resolved": "https://registry.npmjs.org/@types/ws/-/ws-8.5.3.tgz",
      "integrity": "sha512-6YOoWjruKj1uLf3INHH7D3qTXwFfEsg1kf3c0uDdSBJwfa/llkwIjrAGV7j7mVgGNbzTQ3HiHKKDXl6bJPD97w==",
      "dependencies": {
        "@types/node": "*"
      }
    },
    "node_modules/discord-api-types": {
      "version": "0.32.1",
      "resolved": "https://registry.npmjs.org/discord-api-types/-/discord-api-types-0.32.1.tgz",
      "integrity": "sha512-/ewl0CPYT5xjOC+SJ7wADJKjtpZfiiUaYXOP/Ns54lnBcv4Xqa4iKSqRF/w1fjiUvWTYN9W8UuOiyCHtmu5fJw=="
    },
    "node_modules/discord.js": {
      "version": "14.0.0-dev.1652702635-5e9b757",
      "resolved": "https://registry.npmjs.org/discord.js/-/discord.js-14.0.0-dev.1652702635-5e9b757.tgz",
      "integrity": "sha512-o46+3hIRUpsMmvMrIDxE37n/zofliIYXq+IT9lyJmFyb6HpC0Il+BDXr0SUSH2T9VKUmQQpGICLWku86dXU36A==",
      "dependencies": {
        "@discordjs/builders": "^0.14.0-dev",
        "@discordjs/collection": "^0.7.0-dev",
        "@discordjs/rest": "^0.5.0-dev",
        "@sapphire/snowflake": "^3.2.1",
        "@types/ws": "^8.5.3",
        "discord-api-types": "^0.32.1",
        "fast-deep-equal": "^3.1.3",
        "lodash.snakecase": "^4.1.1",
        "tslib": "^2.3.1",
        "undici": "^5.2.0",
        "ws": "^8.5.0"
      },
      "engines": {
        "node": ">=16.9.0"
      }
    },
    "node_modules/dotenv": {
      "version": "16.0.1",
      "resolved": "https://registry.npmjs.org/dotenv/-/dotenv-16.0.1.tgz",
      "integrity": "sha512-1K6hR6wtk2FviQ4kEiSjFiH5rpzEVi8WW0x96aztHVMhEspNpc4DVOUTEHtEva5VThQ8IaBX1Pe4gSzpVVUsKQ==",
      "engines": {
        "node": ">=12"
      }
    },
    "node_modules/fast-deep-equal": {
      "version": "3.1.3",
      "resolved": "https://registry.npmjs.org/fast-deep-equal/-/fast-deep-equal-3.1.3.tgz",
      "integrity": "sha512-f3qQ9oQy9j2AhBe/H9VC91wLmKBCCU/gDOnKNAYG5hswO7BLKj09Hc5HYNz9cGI++xlpDCIgDaitVs03ATR84Q=="
    },
    "node_modules/lodash.snakecase": {
      "version": "4.1.1",
      "resolved": "https://registry.npmjs.org/lodash.snakecase/-/lodash.snakecase-4.1.1.tgz",
      "integrity": "sha1-OdcUo1NXFHg3rv1ktdy7Fr7Nj40="
    },
    "node_modules/ts-mixer": {
      "version": "6.0.1",
      "resolved": "https://registry.npmjs.org/ts-mixer/-/ts-mixer-6.0.1.tgz",
      "integrity": "sha512-hvE+ZYXuINrx6Ei6D6hz+PTim0Uf++dYbK9FFifLNwQj+RwKquhQpn868yZsCtJYiclZF1u8l6WZxxKi+vv7Rg=="
    },
    "node_modules/tslib": {
      "version": "2.4.0",
      "resolved": "https://registry.npmjs.org/tslib/-/tslib-2.4.0.tgz",
      "integrity": "sha512-d6xOpEDfsi2CZVlPQzGeux8XMwLT9hssAsaPYExaQMuYskwb+x1x7J371tWlbBdWHroy99KnVB6qIkUbs5X3UQ=="
    },
    "node_modules/undici": {
      "version": "5.2.0",
      "resolved": "https://registry.npmjs.org/undici/-/undici-5.2.0.tgz",
      "integrity": "sha512-XY6+NS3WH9b3TKOHeNz2CjR+qrVz/k4fO9g3etPpLozRvULoQmZ1+dk9JbIz40ehn27xzFk4jYVU2MU3Nle62A==",
      "engines": {
        "node": ">=12.18"
      }
    },
    "node_modules/ws": {
      "version": "8.6.0",
      "resolved": "https://registry.npmjs.org/ws/-/ws-8.6.0.tgz",
      "integrity": "sha512-AzmM3aH3gk0aX7/rZLYvjdvZooofDu3fFOzGqcSnQ1tOcTWwhM/o+q++E8mAyVVIyUdajrkzWUGftaVSDLn1bw==",
      "engines": {
        "node": ">=10.0.0"
      },
      "peerDependencies": {
        "bufferutil": "^4.0.1",
        "utf-8-validate": "^5.0.2"
      },
      "peerDependenciesMeta": {
        "bufferutil": {
          "optional": true
        },
        "utf-8-validate": {
          "optional": true
        }
      }
    }
  },
  "dependencies": {
    "@discordjs/builders": {
      "version": "0.14.0-dev.1652702621-5e9b757",
      "resolved": "https://registry.npmjs.org/@discordjs/builders/-/builders-0.14.0-dev.1652702621-5e9b757.tgz",
      "integrity": "sha512-bWVuvLfYNkK5ph5E6sa/knDfmXQAdMKf0ncO6hbPnBOTlqwrZ70T6DMjhYx6IcqdFNf2PMcKTgMdLX+3XZTn7g==",
      "requires": {
        "@sapphire/shapeshift": "^3.0.0",
        "@sindresorhus/is": "^4.6.0",
        "discord-api-types": "^0.32.1",
        "fast-deep-equal": "^3.1.3",
        "ts-mixer": "^6.0.1",
        "tslib": "^2.3.1"
      }
    },
    "@discordjs/collection": {
      "version": "0.7.0-dev.1652702622-5e9b757",
      "resolved": "https://registry.npmjs.org/@discordjs/collection/-/collection-0.7.0-dev.1652702622-5e9b757.tgz",
      "integrity": "sha512-846Aq5V/diKb5dHNGMOd67PR4L2V0ZJOb7UiDguO/nHHnraPuu8XknYMF46P8ElA7gXMX/nq83gd6eDBHoJXvA=="
    },
    "@discordjs/rest": {
      "version": "0.5.0-dev.1652702640-5e9b757",
      "resolved": "https://registry.npmjs.org/@discordjs/rest/-/rest-0.5.0-dev.1652702640-5e9b757.tgz",
      "integrity": "sha512-2KpNaaWCCRQu7JEkHzz2TnM7fejLiT9FtY3E4SEbU9jOuNkC1NuszIymLW8BcwbGzA8/EOutlGNuoV4LqPik0A==",
      "requires": {
        "@discordjs/collection": "^0.7.0-dev",
        "@sapphire/async-queue": "^1.3.1",
        "@sapphire/snowflake": "^3.2.1",
        "discord-api-types": "^0.32.1",
        "tslib": "^2.3.1",
        "undici": "^5.2.0"
      }
    },
    "@sapphire/async-queue": {
      "version": "1.3.1",
      "resolved": "https://registry.npmjs.org/@sapphire/async-queue/-/async-queue-1.3.1.tgz",
      "integrity": "sha512-FFTlPOWZX1kDj9xCAsRzH5xEJfawg1lNoYAA+ecOWJMHOfiZYb1uXOI3ne9U4UILSEPwfE68p3T9wUHwIQfR0g=="
    },
    "@sapphire/shapeshift": {
      "version": "3.0.0",
      "resolved": "https://registry.npmjs.org/@sapphire/shapeshift/-/shapeshift-3.0.0.tgz",
      "integrity": "sha512-LTVj/a70UDzjOFaViMGpVzSzKYD2pBk0TmZIHnBf4vnytV7TK/L6XVN6hslq7R+qwRZyL/mzIldu6mAV6r7vzA=="
    },
    "@sapphire/snowflake": {
      "version": "3.2.2",
      "resolved": "https://registry.npmjs.org/@sapphire/snowflake/-/snowflake-3.2.2.tgz",
      "integrity": "sha512-ula2O0kpSZtX9rKXNeQMrHwNd7E4jPDJYUXmEGTFdMRfyfMw+FPyh04oKMjAiDuOi64bYgVkOV3MjK+loImFhQ=="
    },
    "@sindresorhus/is": {
      "version": "4.6.0",
      "resolved": "https://registry.npmjs.org/@sindresorhus/is/-/is-4.6.0.tgz",
      "integrity": "sha512-t09vSN3MdfsyCHoFcTRCH/iUtG7OJ0CsjzB8cjAmKc/va/kIgeDI/TxsigdncE/4be734m0cvIYwNaV4i2XqAw=="
    },
    "@types/node": {
      "version": "17.0.34",
      "resolved": "https://registry.npmjs.org/@types/node/-/node-17.0.34.tgz",
      "integrity": "sha512-XImEz7XwTvDBtzlTnm8YvMqGW/ErMWBsKZ+hMTvnDIjGCKxwK5Xpc+c/oQjOauwq8M4OS11hEkpjX8rrI/eEgA=="
    },
    "@types/ws": {
      "version": "8.5.3",
      "resolved": "https://registry.npmjs.org/@types/ws/-/ws-8.5.3.tgz",
      "integrity": "sha512-6YOoWjruKj1uLf3INHH7D3qTXwFfEsg1kf3c0uDdSBJwfa/llkwIjrAGV7j7mVgGNbzTQ3HiHKKDXl6bJPD97w==",
      "requires": {
        "@types/node": "*"
      }
    },
    "discord-api-types": {
      "version": "0.32.1",
      "resolved": "https://registry.npmjs.org/discord-api-types/-/discord-api-types-0.32.1.tgz",
      "integrity": "sha512-/ewl0CPYT5xjOC+SJ7wADJKjtpZfiiUaYXOP/Ns54lnBcv4Xqa4iKSqRF/w1fjiUvWTYN9W8UuOiyCHtmu5fJw=="
    },
    "discord.js": {
      "version": "14.0.0-dev.1652702635-5e9b757",
      "resolved": "https://registry.npmjs.org/discord.js/-/discord.js-14.0.0-dev.1652702635-5e9b757.tgz",
      "integrity": "sha512-o46+3hIRUpsMmvMrIDxE37n/zofliIYXq+IT9lyJmFyb6HpC0Il+BDXr0SUSH2T9VKUmQQpGICLWku86dXU36A==",
      "requires": {
        "@discordjs/builders": "^0.14.0-dev",
        "@discordjs/collection": "^0.7.0-dev",
        "@discordjs/rest": "^0.5.0-dev",
        "@sapphire/snowflake": "^3.2.1",
        "@types/ws": "^8.5.3",
        "discord-api-types": "^0.32.1",
        "fast-deep-equal": "^3.1.3",
        "lodash.snakecase": "^4.1.1",
        "tslib": "^2.3.1",
        "undici": "^5.2.0",
        "ws": "^8.5.0"
      }
    },
    "dotenv": {
      "version": "16.0.1",
      "resolved": "https://registry.npmjs.org/dotenv/-/dotenv-16.0.1.tgz",
      "integrity": "sha512-1K6hR6wtk2FviQ4kEiSjFiH5rpzEVi8WW0x96aztHVMhEspNpc4DVOUTEHtEva5VThQ8IaBX1Pe4gSzpVVUsKQ=="
    },
    "fast-deep-equal": {
      "version": "3.1.3",
      "resolved": "https://registry.npmjs.org/fast-deep-equal/-/fast-deep-equal-3.1.3.tgz",
      "integrity": "sha512-f3qQ9oQy9j2AhBe/H9VC91wLmKBCCU/gDOnKNAYG5hswO7BLKj09Hc5HYNz9cGI++xlpDCIgDaitVs03ATR84Q=="
    },
    "lodash.snakecase": {
      "version": "4.1.1",
      "resolved": "https://registry.npmjs.org/lodash.snakecase/-/lodash.snakecase-4.1.1.tgz",
      "integrity": "sha1-OdcUo1NXFHg3rv1ktdy7Fr7Nj40="
    },
    "ts-mixer": {
      "version": "6.0.1",
      "resolved": "https://registry.npmjs.org/ts-mixer/-/ts-mixer-6.0.1.tgz",
      "integrity": "sha512-hvE+ZYXuINrx6Ei6D6hz+PTim0Uf++dYbK9FFifLNwQj+RwKquhQpn868yZsCtJYiclZF1u8l6WZxxKi+vv7Rg=="
    },
    "tslib": {
      "version": "2.4.0",
      "resolved": "https://registry.npmjs.org/tslib/-/tslib-2.4.0.tgz",
      "integrity": "sha512-d6xOpEDfsi2CZVlPQzGeux8XMwLT9hssAsaPYExaQMuYskwb+x1x7J371tWlbBdWHroy99KnVB6qIkUbs5X3UQ=="
    },
    "undici": {
      "version": "5.2.0",
      "resolved": "https://registry.npmjs.org/undici/-/undici-5.2.0.tgz",
      "integrity": "sha512-XY6+NS3WH9b3TKOHeNz2CjR+qrVz/k4fO9g3etPpLozRvULoQmZ1+dk9JbIz40ehn27xzFk4jYVU2MU3Nle62A=="
    },
    "ws": {
      "version": "8.6.0",
      "resolved": "https://registry.npmjs.org/ws/-/ws-8.6.0.tgz",
      "integrity": "sha512-AzmM3aH3gk0aX7/rZLYvjdvZooofDu3fFOzGqcSnQ1tOcTWwhM/o+q++E8mAyVVIyUdajrkzWUGftaVSDLn1bw==",
      "requires": {}
    }
  }
}
